
Microsoft Visual Studio Solution File, Format Version 12.00
# Visual Studio Version 17
VisualStudioVersion = 17.3.32922.545
MinimumVisualStudioVersion = 10.0.40219.1
Project("{2150E333-8FDC-42A3-9474-1A3956D46DE8}") = "FrontEnd", "FrontEnd", "{CEA0F43A-F6EE-4AFE-84E0-A03CEE0022A2}"
EndProject
Project("{9A19103F-16F7-4668-BE54-9A1E7A4F7556}") = "Mango.Web", "Mango.Web\Mango.Web.csproj", "{D6657C5B-12BF-43EF-B1BB-39D842575898}"
EndProject
Project("{2150E333-8FDC-42A3-9474-1A3956D46DE8}") = "Services", "Services", "{27B69738-D0BA-4EF6-BD58-235EC8340AE1}"
EndProject
Project("{9A19103F-16F7-4668-BE54-9A1E7A4F7556}") = "Mango.Services.ProductAPI", "Mango.Services.ProductAPI\Mango.Services.ProductAPI.csproj", "{6601574E-7D84-4251-9868-170F03D26892}"
EndProject
Project("{9A19103F-16F7-4668-BE54-9A1E7A4F7556}") = "Mango.Services.Identity", "Mango.Services.Identity\Mango.Services.Identity.csproj", "{BEAF1569-FEA5-4662-B46D-25CA3CFEC3F5}"
EndProject
Project("{9A19103F-16F7-4668-BE54-9A1E7A4F7556}") = "Mango.Services.ShoppingCartAPI", "Mango.Services.ShoppingCart\Mango.Services.ShoppingCartAPI.csproj", "{4CDA289D-7D2B-460E-8580-E4A75FE43807}"
EndProject
Project("{9A19103F-16F7-4668-BE54-9A1E7A4F7556}") = "Mango.Services.CouponAPI", "CouponAPI\Mango.Services.CouponAPI.csproj", "{083FBEB9-0AA7-4DAC-97DC-C2916F0D59F8}"
EndProject
Project("{2150E333-8FDC-42A3-9474-1A3956D46DE8}") = "Ingeration", "Ingeration", "{A500B2E3-EA17-45D0-8074-D3D41B852C87}"
EndProject
Project("{9A19103F-16F7-4668-BE54-9A1E7A4F7556}") = "Mango.MessageBus", "Mango.MessageBus\Mango.MessageBus.csproj", "{CBA5C612-DF2B-4364-AB95-44E852553061}"
EndProject
Project("{9A19103F-16F7-4668-BE54-9A1E7A4F7556}") = "Mango.Services.OrderAPIN", "Mango.Services.OrderAPIN\Mango.Services.OrderAPIN.csproj", "{FC83D397-89C5-439B-840A-515B2917DFC2}"
EndProject
Project("{2150E333-8FDC-42A3-9474-1A3956D46DE8}") = "Payments", "Payments", "{D6878549-B436-4510-AAD9-AF6F3B1E692F}"
EndProject
Project("{FAE04EC0-301F-11D3-BF4B-00C04F79EFBC}") = "PaymentProcessor", "PaymentProcessor\PaymentProcessor.csproj", "{CB73437E-F0FF-47DF-A373-7B0CF563F0F1}"
EndProject
Project("{FAE04EC0-301F-11D3-BF4B-00C04F79EFBC}") = "Mango.Services.PaymentAPI", "Mango.Services.PaymentAPI\Mango.Services.PaymentAPI.csproj", "{1A0DBEB3-FFB3-4B15-B324-4D54B060371E}"
EndProject
Global
	GlobalSection(SolutionConfigurationPlatforms) = preSolution
		Debug|Any CPU = Debug|Any CPU
		Release|Any CPU = Release|Any CPU
	EndGlobalSection
	GlobalSection(ProjectConfigurationPlatforms) = postSolution
		{D6657C5B-12BF-43EF-B1BB-39D842575898}.Debug|Any CPU.ActiveCfg = Debug|Any CPU
		{D6657C5B-12BF-43EF-B1BB-39D842575898}.Debug|Any CPU.Build.0 = Debug|Any CPU
		{D6657C5B-12BF-43EF-B1BB-39D842575898}.Release|Any CPU.ActiveCfg = Release|Any CPU
		{D6657C5B-12BF-43EF-B1BB-39D842575898}.Release|Any CPU.Build.0 = Release|Any CPU
		{6601574E-7D84-4251-9868-170F03D26892}.Debug|Any CPU.ActiveCfg = Debug|Any CPU
		{6601574E-7D84-4251-9868-170F03D26892}.Debug|Any CPU.Build.0 = Debug|Any CPU
		{6601574E-7D84-4251-9868-170F03D26892}.Release|Any CPU.ActiveCfg = Release|Any CPU
		{6601574E-7D84-4251-9868-170F03D26892}.Release|Any CPU.Build.0 = Release|Any CPU
		{BEAF1569-FEA5-4662-B46D-25CA3CFEC3F5}.Debug|Any CPU.ActiveCfg = Debug|Any CPU
		{BEAF1569-FEA5-4662-B46D-25CA3CFEC3F5}.Debug|Any CPU.Build.0 = Debug|Any CPU
		{BEAF1569-FEA5-4662-B46D-25CA3CFEC3F5}.Release|Any CPU.ActiveCfg = Release|Any CPU
		{BEAF1569-FEA5-4662-B46D-25CA3CFEC3F5}.Release|Any CPU.Build.0 = Release|Any CPU
		{4CDA289D-7D2B-460E-8580-E4A75FE43807}.Debug|Any CPU.ActiveCfg = Debug|Any CPU
		{4CDA289D-7D2B-460E-8580-E4A75FE43807}.Debug|Any CPU.Build.0 = Debug|Any CPU
		{4CDA289D-7D2B-460E-8580-E4A75FE43807}.Release|Any CPU.ActiveCfg = Release|Any CPU
		{4CDA289D-7D2B-460E-8580-E4A75FE43807}.Release|Any CPU.Build.0 = Release|Any CPU
		{083FBEB9-0AA7-4DAC-97DC-C2916F0D59F8}.Debug|Any CPU.ActiveCfg = Debug|Any CPU
		{083FBEB9-0AA7-4DAC-97DC-C2916F0D59F8}.Debug|Any CPU.Build.0 = Debug|Any CPU
		{083FBEB9-0AA7-4DAC-97DC-C2916F0D59F8}.Release|Any CPU.ActiveCfg = Release|Any CPU
		{083FBEB9-0AA7-4DAC-97DC-C2916F0D59F8}.Release|Any CPU.Build.0 = Release|Any CPU
		{CBA5C612-DF2B-4364-AB95-44E852553061}.Debug|Any CPU.ActiveCfg = Debug|Any CPU
		{CBA5C612-DF2B-4364-AB95-44E852553061}.Debug|Any CPU.Build.0 = Debug|Any CPU
		{CBA5C612-DF2B-4364-AB95-44E852553061}.Release|Any CPU.ActiveCfg = Release|Any CPU
		{CBA5C612-DF2B-4364-AB95-44E852553061}.Release|Any CPU.Build.0 = Release|Any CPU
		{FC83D397-89C5-439B-840A-515B2917DFC2}.Debug|Any CPU.ActiveCfg = Debug|Any CPU
		{FC83D397-89C5-439B-840A-515B2917DFC2}.Debug|Any CPU.Build.0 = Debug|Any CPU
		{FC83D397-89C5-439B-840A-515B2917DFC2}.Release|Any CPU.ActiveCfg = Release|Any CPU
		{FC83D397-89C5-439B-840A-515B2917DFC2}.Release|Any CPU.Build.0 = Release|Any CPU
		{CB73437E-F0FF-47DF-A373-7B0CF563F0F1}.Debug|Any CPU.ActiveCfg = Debug|Any CPU
		{CB73437E-F0FF-47DF-A373-7B0CF563F0F1}.Debug|Any CPU.Build.0 = Debug|Any CPU
		{CB73437E-F0FF-47DF-A373-7B0CF563F0F1}.Release|Any CPU.ActiveCfg = Release|Any CPU
		{CB73437E-F0FF-47DF-A373-7B0CF563F0F1}.Release|Any CPU.Build.0 = Release|Any CPU
		{1A0DBEB3-FFB3-4B15-B324-4D54B060371E}.Debug|Any CPU.ActiveCfg = Debug|Any CPU
		{1A0DBEB3-FFB3-4B15-B324-4D54B060371E}.Debug|Any CPU.Build.0 = Debug|Any CPU
		{1A0DBEB3-FFB3-4B15-B324-4D54B060371E}.Release|Any CPU.ActiveCfg = Release|Any CPU
		{1A0DBEB3-FFB3-4B15-B324-4D54B060371E}.Release|Any CPU.Build.0 = Release|Any CPU
	EndGlobalSection
	GlobalSection(SolutionProperties) = preSolution
		HideSolutionNode = FALSE
	EndGlobalSection
	GlobalSection(NestedProjects) = preSolution
		{D6657C5B-12BF-43EF-B1BB-39D842575898} = {CEA0F43A-F6EE-4AFE-84E0-A03CEE0022A2}
		{6601574E-7D84-4251-9868-170F03D26892} = {27B69738-D0BA-4EF6-BD58-235EC8340AE1}
		{BEAF1569-FEA5-4662-B46D-25CA3CFEC3F5} = {27B69738-D0BA-4EF6-BD58-235EC8340AE1}
		{4CDA289D-7D2B-460E-8580-E4A75FE43807} = {27B69738-D0BA-4EF6-BD58-235EC8340AE1}
		{083FBEB9-0AA7-4DAC-97DC-C2916F0D59F8} = {27B69738-D0BA-4EF6-BD58-235EC8340AE1}
		{CBA5C612-DF2B-4364-AB95-44E852553061} = {A500B2E3-EA17-45D0-8074-D3D41B852C87}
		{FC83D397-89C5-439B-840A-515B2917DFC2} = {27B69738-D0BA-4EF6-BD58-235EC8340AE1}
		{CB73437E-F0FF-47DF-A373-7B0CF563F0F1} = {D6878549-B436-4510-AAD9-AF6F3B1E692F}
		{1A0DBEB3-FFB3-4B15-B324-4D54B060371E} = {27B69738-D0BA-4EF6-BD58-235EC8340AE1}
	EndGlobalSection
	GlobalSection(ExtensibilityGlobals) = postSolution
		SolutionGuid = {03D58A16-33FE-4CA9-8B93-B1D0F2CFF7B0}
	EndGlobalSection
EndGlobal
